
Microsoft Visual Studio Solution File, Format Version 12.00
# Visual Studio Version 17
VisualStudioVersion = 17.0.31903.59
MinimumVisualStudioVersion = 10.0.40219.1
Project("{FAE04EC0-301F-11D3-BF4B-00C04F79EFBC}") = "TunisiaEco.API", "TunisiaEco.API\TunisiaEco.API.csproj", "{E5B6A9B9-8A71-4B94-9C33-269007D4F5BB}"
EndProject
Project("{FAE04EC0-301F-11D3-BF4B-00C04F79EFBC}") = "TunisiaEco.Data", "TunisiaEco.Data\TunisiaEco.Data.csproj", "{4A57489C-3BEB-4BA7-8EB3-3892DC866232}"
EndProject
Project("{FAE04EC0-301F-11D3-BF4B-00C04F79EFBC}") = "TunisiaEco.Web", "TunisiaEco.Web\TunisiaEco.Web.csproj", "{143DAB5A-96FB-4772-807A-AA8B2CE95CB2}"
EndProject
Project("{FAE04EC0-301F-11D3-BF4B-00C04F79EFBC}") = "TunisiaEco.Core", "TunisiaEco.Core\TunisiaEco.Core.csproj", "{4D9E1DCE-A54B-4E8D-809B-BB820239319A}"
EndProject
Global
	GlobalSection(SolutionConfigurationPlatforms) = preSolution
		Debug|Any CPU = Debug|Any CPU
		Release|Any CPU = Release|Any CPU
	EndGlobalSection
	GlobalSection(SolutionProperties) = preSolution
		HideSolutionNode = FALSE
	EndGlobalSection
	GlobalSection(ProjectConfigurationPlatforms) = postSolution
		{E5B6A9B9-8A71-4B94-9C33-269007D4F5BB}.Debug|Any CPU.ActiveCfg = Debug|Any CPU
		{E5B6A9B9-8A71-4B94-9C33-269007D4F5BB}.Debug|Any CPU.Build.0 = Debug|Any CPU
		{E5B6A9B9-8A71-4B94-9C33-269007D4F5BB}.Release|Any CPU.ActiveCfg = Release|Any CPU
		{E5B6A9B9-8A71-4B94-9C33-269007D4F5BB}.Release|Any CPU.Build.0 = Release|Any CPU
		{4A57489C-3BEB-4BA7-8EB3-3892DC866232}.Debug|Any CPU.ActiveCfg = Debug|Any CPU
		{4A57489C-3BEB-4BA7-8EB3-3892DC866232}.Debug|Any CPU.Build.0 = Debug|Any CPU
		{4A57489C-3BEB-4BA7-8EB3-3892DC866232}.Release|Any CPU.ActiveCfg = Release|Any CPU
		{4A57489C-3BEB-4BA7-8EB3-3892DC866232}.Release|Any CPU.Build.0 = Release|Any CPU
		{143DAB5A-96FB-4772-807A-AA8B2CE95CB2}.Debug|Any CPU.ActiveCfg = Debug|Any CPU
		{143DAB5A-96FB-4772-807A-AA8B2CE95CB2}.Debug|Any CPU.Build.0 = Debug|Any CPU
		{143DAB5A-96FB-4772-807A-AA8B2CE95CB2}.Release|Any CPU.ActiveCfg = Release|Any CPU
		{143DAB5A-96FB-4772-807A-AA8B2CE95CB2}.Release|Any CPU.Build.0 = Release|Any CPU
		{4D9E1DCE-A54B-4E8D-809B-BB820239319A}.Debug|Any CPU.ActiveCfg = Debug|Any CPU
		{4D9E1DCE-A54B-4E8D-809B-BB820239319A}.Debug|Any CPU.Build.0 = Debug|Any CPU
		{4D9E1DCE-A54B-4E8D-809B-BB820239319A}.Release|Any CPU.ActiveCfg = Release|Any CPU
		{4D9E1DCE-A54B-4E8D-809B-BB820239319A}.Release|Any CPU.Build.0 = Release|Any CPU
	EndGlobalSection
EndGlobal
